
Microsoft Visual Studio Solution File, Format Version 12.00
Project("{FAE04EC0-301F-11D3-BF4B-00C04F79EFBC}") = "Img2SE2", "Img2SE2\Img2SE2.csproj", "{E6C42448-F1C4-480F-87CF-6B6F78CA7351}"
EndProject
Global
	GlobalSection(SolutionConfigurationPlatforms) = preSolution
		Debug|Any CPU = Debug|Any CPU
		Release|Any CPU = Release|Any CPU
	EndGlobalSection
	GlobalSection(ProjectConfigurationPlatforms) = postSolution
		{E6C42448-F1C4-480F-87CF-6B6F78CA7351}.Debug|Any CPU.ActiveCfg = Debug|Any CPU
		{E6C42448-F1C4-480F-87CF-6B6F78CA7351}.Debug|Any CPU.Build.0 = Debug|Any CPU
		{E6C42448-F1C4-480F-87CF-6B6F78CA7351}.Release|Any CPU.ActiveCfg = Release|Any CPU
		{E6C42448-F1C4-480F-87CF-6B6F78CA7351}.Release|Any CPU.Build.0 = Release|Any CPU
	EndGlobalSection
EndGlobal
